
Microsoft Visual Studio Solution File, Format Version 12.00
# Visual Studio Version 17
VisualStudioVersion = 17.0.31903.59
MinimumVisualStudioVersion = 10.0.40219.1
Project("{2150E333-8FDC-42A3-9474-1A3956D46DE8}") = "src", "src", "{827E0CD3-B72D-47B6-A68D-7590B98EB39B}"
EndProject
Project("{FAE04EC0-301F-11D3-BF4B-00C04F79EFBC}") = "IndustrialSim.Cli", "src\IndustrialSim.Cli\IndustrialSim.Cli.csproj", "{8C65357B-F17F-4840-9879-53E2E94D4434}"
EndProject
Project("{FAE04EC0-301F-11D3-BF4B-00C04F79EFBC}") = "IndustrialSim.Configuration", "src\IndustrialSim.Configuration\IndustrialSim.Configuration.csproj", "{A93E15FE-988A-4BDC-9CF2-7156D34C5A17}"
EndProject
Project("{FAE04EC0-301F-11D3-BF4B-00C04F79EFBC}") = "IndustrialSim.Core", "src\IndustrialSim.Core\IndustrialSim.Core.csproj", "{77906880-8466-4732-94F8-AAB1587E4AB9}"
EndProject
Project("{FAE04EC0-301F-11D3-BF4B-00C04F79EFBC}") = "IndustrialSim.Devices", "src\IndustrialSim.Devices\IndustrialSim.Devices.csproj", "{078B28D5-223A-40F4-B247-BD388072EF4C}"
EndProject
Project("{FAE04EC0-301F-11D3-BF4B-00C04F79EFBC}") = "IndustrialSim.Faults", "src\IndustrialSim.Faults\IndustrialSim.Faults.csproj", "{C314B907-6FB2-4B38-810B-1F8BABC4D7D5}"
EndProject
Project("{FAE04EC0-301F-11D3-BF4B-00C04F79EFBC}") = "IndustrialSim.Protocols.Abstractions", "src\IndustrialSim.Protocols.Abstractions\IndustrialSim.Protocols.Abstractions.csproj", "{56BE7CA3-DBEB-42CC-8DCF-D883ED67C567}"
EndProject
Project("{FAE04EC0-301F-11D3-BF4B-00C04F79EFBC}") = "IndustrialSim.Protocols.Modbus", "src\IndustrialSim.Protocols.Modbus\IndustrialSim.Protocols.Modbus.csproj", "{F98D4C9B-B44B-4BCB-97C8-0086E3F1BC38}"
EndProject
Project("{FAE04EC0-301F-11D3-BF4B-00C04F79EFBC}") = "IndustrialSim.Protocols.OpcUa", "src\IndustrialSim.Protocols.OpcUa\IndustrialSim.Protocols.OpcUa.csproj", "{0E4C69BE-1431-4F29-8AA0-D638D4094C88}"
EndProject
Project("{FAE04EC0-301F-11D3-BF4B-00C04F79EFBC}") = "IndustrialSim.Runtime", "src\IndustrialSim.Runtime\IndustrialSim.Runtime.csproj", "{541C7A5F-5C6C-43AB-9B99-5605C6027A3E}"
EndProject
Project("{FAE04EC0-301F-11D3-BF4B-00C04F79EFBC}") = "IndustrialSim.Scenarios", "src\IndustrialSim.Scenarios\IndustrialSim.Scenarios.csproj", "{DF5AC2B8-66E8-4662-B52C-F63A9211D7C9}"
EndProject
Project("{FAE04EC0-301F-11D3-BF4B-00C04F79EFBC}") = "IndustrialSim.Web", "src\IndustrialSim.Web\IndustrialSim.Web.csproj", "{E53F41B9-C136-4C94-8522-1CC1221E2557}"
EndProject
Project("{2150E333-8FDC-42A3-9474-1A3956D46DE8}") = "tests", "tests", "{0AB3BF05-4346-4AA6-1389-037BE0695223}"
EndProject
Project("{FAE04EC0-301F-11D3-BF4B-00C04F79EFBC}") = "IndustrialSim.Core.Tests", "tests\IndustrialSim.Core.Tests\IndustrialSim.Core.Tests.csproj", "{6E861183-D0CE-4567-A686-63768BF62FB2}"
EndProject
Project("{FAE04EC0-301F-11D3-BF4B-00C04F79EFBC}") = "IndustrialSim.Faults.Tests", "tests\IndustrialSim.Faults.Tests\IndustrialSim.Faults.Tests.csproj", "{50A35FA2-3EA6-4377-A27F-13D6010C20B1}"
EndProject
Project("{FAE04EC0-301F-11D3-BF4B-00C04F79EFBC}") = "IndustrialSim.IntegrationTests", "tests\IndustrialSim.IntegrationTests\IndustrialSim.IntegrationTests.csproj", "{9B690CEB-E46E-4618-A6BE-9D5C13BDD441}"
EndProject
Project("{FAE04EC0-301F-11D3-BF4B-00C04F79EFBC}") = "IndustrialSim.Protocols.Modbus.Tests", "tests\IndustrialSim.Protocols.Modbus.Tests\IndustrialSim.Protocols.Modbus.Tests.csproj", "{52B2CBF9-E4FD-4BBF-A01D-6A3EB3FABA2C}"
EndProject
Project("{FAE04EC0-301F-11D3-BF4B-00C04F79EFBC}") = "IndustrialSim.Protocols.OpcUa.Tests", "tests\IndustrialSim.Protocols.OpcUa.Tests\IndustrialSim.Protocols.OpcUa.Tests.csproj", "{9AB6FEE1-2F7D-4C67-AAFD-131F11683579}"
EndProject
Project("{FAE04EC0-301F-11D3-BF4B-00C04F79EFBC}") = "IndustrialSim.Runtime.Tests", "tests\IndustrialSim.Runtime.Tests\IndustrialSim.Runtime.Tests.csproj", "{9553340C-22C3-403C-8E68-FE31D14D18FE}"
EndProject
Project("{FAE04EC0-301F-11D3-BF4B-00C04F79EFBC}") = "IndustrialSim.Scenarios.Tests", "tests\IndustrialSim.Scenarios.Tests\IndustrialSim.Scenarios.Tests.csproj", "{02E0B0A1-2F9C-4BD3-BA08-5BA933B43BBA}"
EndProject
Project("{FAE04EC0-301F-11D3-BF4B-00C04F79EFBC}") = "IndustrialSim.Web.Tests", "tests\IndustrialSim.Web.Tests\IndustrialSim.Web.Tests.csproj", "{DF42F21E-50F3-4136-A021-2CE7456196E1}"
EndProject
Project("{FAE04EC0-301F-11D3-BF4B-00C04F79EFBC}") = "IndustrialSim.Configuration.Tests", "tests\IndustrialSim.Configuration.Tests\IndustrialSim.Configuration.Tests.csproj", "{30B498E2-7950-482C-8FFD-025A0FDEB0F2}"
EndProject
Global
	GlobalSection(SolutionConfigurationPlatforms) = preSolution
		Debug|Any CPU = Debug|Any CPU
		Debug|x64 = Debug|x64
		Debug|x86 = Debug|x86
		Release|Any CPU = Release|Any CPU
		Release|x64 = Release|x64
		Release|x86 = Release|x86
	EndGlobalSection
	GlobalSection(ProjectConfigurationPlatforms) = postSolution
		{8C65357B-F17F-4840-9879-53E2E94D4434}.Debug|Any CPU.ActiveCfg = Debug|Any CPU
		{8C65357B-F17F-4840-9879-53E2E94D4434}.Debug|Any CPU.Build.0 = Debug|Any CPU
		{8C65357B-F17F-4840-9879-53E2E94D4434}.Debug|x64.ActiveCfg = Debug|Any CPU
		{8C65357B-F17F-4840-9879-53E2E94D4434}.Debug|x64.Build.0 = Debug|Any CPU
		{8C65357B-F17F-4840-9879-53E2E94D4434}.Debug|x86.ActiveCfg = Debug|Any CPU
		{8C65357B-F17F-4840-9879-53E2E94D4434}.Debug|x86.Build.0 = Debug|Any CPU
		{8C65357B-F17F-4840-9879-53E2E94D4434}.Release|Any CPU.ActiveCfg = Release|Any CPU
		{8C65357B-F17F-4840-9879-53E2E94D4434}.Release|Any CPU.Build.0 = Release|Any CPU
		{8C65357B-F17F-4840-9879-53E2E94D4434}.Release|x64.ActiveCfg = Release|Any CPU
		{8C65357B-F17F-4840-9879-53E2E94D4434}.Release|x64.Build.0 = Release|Any CPU
		{8C65357B-F17F-4840-9879-53E2E94D4434}.Release|x86.ActiveCfg = Release|Any CPU
		{8C65357B-F17F-4840-9879-53E2E94D4434}.Release|x86.Build.0 = Release|Any CPU
		{A93E15FE-988A-4BDC-9CF2-7156D34C5A17}.Debug|Any CPU.ActiveCfg = Debug|Any CPU
		{A93E15FE-988A-4BDC-9CF2-7156D34C5A17}.Debug|Any CPU.Build.0 = Debug|Any CPU
		{A93E15FE-988A-4BDC-9CF2-7156D34C5A17}.Debug|x64.ActiveCfg = Debug|Any CPU
		{A93E15FE-988A-4BDC-9CF2-7156D34C5A17}.Debug|x64.Build.0 = Debug|Any CPU
		{A93E15FE-988A-4BDC-9CF2-7156D34C5A17}.Debug|x86.ActiveCfg = Debug|Any CPU
		{A93E15FE-988A-4BDC-9CF2-7156D34C5A17}.Debug|x86.Build.0 = Debug|Any CPU
		{A93E15FE-988A-4BDC-9CF2-7156D34C5A17}.Release|Any CPU.ActiveCfg = Release|Any CPU
		{A93E15FE-988A-4BDC-9CF2-7156D34C5A17}.Release|Any CPU.Build.0 = Release|Any CPU
		{A93E15FE-988A-4BDC-9CF2-7156D34C5A17}.Release|x64.ActiveCfg = Release|Any CPU
		{A93E15FE-988A-4BDC-9CF2-7156D34C5A17}.Release|x64.Build.0 = Release|Any CPU
		{A93E15FE-988A-4BDC-9CF2-7156D34C5A17}.Release|x86.ActiveCfg = Release|Any CPU
		{A93E15FE-988A-4BDC-9CF2-7156D34C5A17}.Release|x86.Build.0 = Release|Any CPU
		{77906880-8466-4732-94F8-AAB1587E4AB9}.Debug|Any CPU.ActiveCfg = Debug|Any CPU
		{77906880-8466-4732-94F8-AAB1587E4AB9}.Debug|Any CPU.Build.0 = Debug|Any CPU
		{77906880-8466-4732-94F8-AAB1587E4AB9}.Debug|x64.ActiveCfg = Debug|Any CPU
		{77906880-8466-4732-94F8-AAB1587E4AB9}.Debug|x64.Build.0 = Debug|Any CPU
		{77906880-8466-4732-94F8-AAB1587E4AB9}.Debug|x86.ActiveCfg = Debug|Any CPU
		{77906880-8466-4732-94F8-AAB1587E4AB9}.Debug|x86.Build.0 = Debug|Any CPU
		{77906880-8466-4732-94F8-AAB1587E4AB9}.Release|Any CPU.ActiveCfg = Release|Any CPU
		{77906880-8466-4732-94F8-AAB1587E4AB9}.Release|Any CPU.Build.0 = Release|Any CPU
		{77906880-8466-4732-94F8-AAB1587E4AB9}.Release|x64.ActiveCfg = Release|Any CPU
		{77906880-8466-4732-94F8-AAB1587E4AB9}.Release|x64.Build.0 = Release|Any CPU
		{77906880-8466-4732-94F8-AAB1587E4AB9}.Release|x86.ActiveCfg = Release|Any CPU
		{77906880-8466-4732-94F8-AAB1587E4AB9}.Release|x86.Build.0 = Release|Any CPU
		{078B28D5-223A-40F4-B247-BD388072EF4C}.Debug|Any CPU.ActiveCfg = Debug|Any CPU
		{078B28D5-223A-40F4-B247-BD388072EF4C}.Debug|Any CPU.Build.0 = Debug|Any CPU
		{078B28D5-223A-40F4-B247-BD388072EF4C}.Debug|x64.ActiveCfg = Debug|Any CPU
		{078B28D5-223A-40F4-B247-BD388072EF4C}.Debug|x64.Build.0 = Debug|Any CPU
		{078B28D5-223A-40F4-B247-BD388072EF4C}.Debug|x86.ActiveCfg = Debug|Any CPU
		{078B28D5-223A-40F4-B247-BD388072EF4C}.Debug|x86.Build.0 = Debug|Any CPU
		{078B28D5-223A-40F4-B247-BD388072EF4C}.Release|Any CPU.ActiveCfg = Release|Any CPU
		{078B28D5-223A-40F4-B247-BD388072EF4C}.Release|Any CPU.Build.0 = Release|Any CPU
		{078B28D5-223A-40F4-B247-BD388072EF4C}.Release|x64.ActiveCfg = Release|Any CPU
		{078B28D5-223A-40F4-B247-BD388072EF4C}.Release|x64.Build.0 = Release|Any CPU
		{078B28D5-223A-40F4-B247-BD388072EF4C}.Release|x86.ActiveCfg = Release|Any CPU
		{078B28D5-223A-40F4-B247-BD388072EF4C}.Release|x86.Build.0 = Release|Any CPU
		{C314B907-6FB2-4B38-810B-1F8BABC4D7D5}.Debug|Any CPU.ActiveCfg = Debug|Any CPU
		{C314B907-6FB2-4B38-810B-1F8BABC4D7D5}.Debug|Any CPU.Build.0 = Debug|Any CPU
		{C314B907-6FB2-4B38-810B-1F8BABC4D7D5}.Debug|x64.ActiveCfg = Debug|Any CPU
		{C314B907-6FB2-4B38-810B-1F8BABC4D7D5}.Debug|x64.Build.0 = Debug|Any CPU
		{C314B907-6FB2-4B38-810B-1F8BABC4D7D5}.Debug|x86.ActiveCfg = Debug|Any CPU
		{C314B907-6FB2-4B38-810B-1F8BABC4D7D5}.Debug|x86.Build.0 = Debug|Any CPU
		{C314B907-6FB2-4B38-810B-1F8BABC4D7D5}.Release|Any CPU.ActiveCfg = Release|Any CPU
		{C314B907-6FB2-4B38-810B-1F8BABC4D7D5}.Release|Any CPU.Build.0 = Release|Any CPU
		{C314B907-6FB2-4B38-810B-1F8BABC4D7D5}.Release|x64.ActiveCfg = Release|Any CPU
		{C314B907-6FB2-4B38-810B-1F8BABC4D7D5}.Release|x64.Build.0 = Release|Any CPU
		{C314B907-6FB2-4B38-810B-1F8BABC4D7D5}.Release|x86.ActiveCfg = Release|Any CPU
		{C314B907-6FB2-4B38-810B-1F8BABC4D7D5}.Release|x86.Build.0 = Release|Any CPU
		{56BE7CA3-DBEB-42CC-8DCF-D883ED67C567}.Debug|Any CPU.ActiveCfg = Debug|Any CPU
		{56BE7CA3-DBEB-42CC-8DCF-D883ED67C567}.Debug|Any CPU.Build.0 = Debug|Any CPU
		{56BE7CA3-DBEB-42CC-8DCF-D883ED67C567}.Debug|x64.ActiveCfg = Debug|Any CPU
		{56BE7CA3-DBEB-42CC-8DCF-D883ED67C567}.Debug|x64.Build.0 = Debug|Any CPU
		{56BE7CA3-DBEB-42CC-8DCF-D883ED67C567}.Debug|x86.ActiveCfg = Debug|Any CPU
		{56BE7CA3-DBEB-42CC-8DCF-D883ED67C567}.Debug|x86.Build.0 = Debug|Any CPU
		{56BE7CA3-DBEB-42CC-8DCF-D883ED67C567}.Release|Any CPU.ActiveCfg = Release|Any CPU
		{56BE7CA3-DBEB-42CC-8DCF-D883ED67C567}.Release|Any CPU.Build.0 = Release|Any CPU
		{56BE7CA3-DBEB-42CC-8DCF-D883ED67C567}.Release|x64.ActiveCfg = Release|Any CPU
		{56BE7CA3-DBEB-42CC-8DCF-D883ED67C567}.Release|x64.Build.0 = Release|Any CPU
		{56BE7CA3-DBEB-42CC-8DCF-D883ED67C567}.Release|x86.ActiveCfg = Release|Any CPU
		{56BE7CA3-DBEB-42CC-8DCF-D883ED67C567}.Release|x86.Build.0 = Release|Any CPU
		{F98D4C9B-B44B-4BCB-97C8-0086E3F1BC38}.Debug|Any CPU.ActiveCfg = Debug|Any CPU
		{F98D4C9B-B44B-4BCB-97C8-0086E3F1BC38}.Debug|Any CPU.Build.0 = Debug|Any CPU
		{F98D4C9B-B44B-4BCB-97C8-0086E3F1BC38}.Debug|x64.ActiveCfg = Debug|Any CPU
		{F98D4C9B-B44B-4BCB-97C8-0086E3F1BC38}.Debug|x64.Build.0 = Debug|Any CPU
		{F98D4C9B-B44B-4BCB-97C8-0086E3F1BC38}.Debug|x86.ActiveCfg = Debug|Any CPU
		{F98D4C9B-B44B-4BCB-97C8-0086E3F1BC38}.Debug|x86.Build.0 = Debug|Any CPU
		{F98D4C9B-B44B-4BCB-97C8-0086E3F1BC38}.Release|Any CPU.ActiveCfg = Release|Any CPU
		{F98D4C9B-B44B-4BCB-97C8-0086E3F1BC38}.Release|Any CPU.Build.0 = Release|Any CPU
		{F98D4C9B-B44B-4BCB-97C8-0086E3F1BC38}.Release|x64.ActiveCfg = Release|Any CPU
		{F98D4C9B-B44B-4BCB-97C8-0086E3F1BC38}.Release|x64.Build.0 = Release|Any CPU
		{F98D4C9B-B44B-4BCB-97C8-0086E3F1BC38}.Release|x86.ActiveCfg = Release|Any CPU
		{F98D4C9B-B44B-4BCB-97C8-0086E3F1BC38}.Release|x86.Build.0 = Release|Any CPU
		{0E4C69BE-1431-4F29-8AA0-D638D4094C88}.Debug|Any CPU.ActiveCfg = Debug|Any CPU
		{0E4C69BE-1431-4F29-8AA0-D638D4094C88}.Debug|Any CPU.Build.0 = Debug|Any CPU
		{0E4C69BE-1431-4F29-8AA0-D638D4094C88}.Debug|x64.ActiveCfg = Debug|Any CPU
		{0E4C69BE-1431-4F29-8AA0-D638D4094C88}.Debug|x64.Build.0 = Debug|Any CPU
		{0E4C69BE-1431-4F29-8AA0-D638D4094C88}.Debug|x86.ActiveCfg = Debug|Any CPU
		{0E4C69BE-1431-4F29-8AA0-D638D4094C88}.Debug|x86.Build.0 = Debug|Any CPU
		{0E4C69BE-1431-4F29-8AA0-D638D4094C88}.Release|Any CPU.ActiveCfg = Release|Any CPU
		{0E4C69BE-1431-4F29-8AA0-D638D4094C88}.Release|Any CPU.Build.0 = Release|Any CPU
		{0E4C69BE-1431-4F29-8AA0-D638D4094C88}.Release|x64.ActiveCfg = Release|Any CPU
		{0E4C69BE-1431-4F29-8AA0-D638D4094C88}.Release|x64.Build.0 = Release|Any CPU
		{0E4C69BE-1431-4F29-8AA0-D638D4094C88}.Release|x86.ActiveCfg = Release|Any CPU
		{0E4C69BE-1431-4F29-8AA0-D638D4094C88}.Release|x86.Build.0 = Release|Any CPU
		{541C7A5F-5C6C-43AB-9B99-5605C6027A3E}.Debug|Any CPU.ActiveCfg = Debug|Any CPU
		{541C7A5F-5C6C-43AB-9B99-5605C6027A3E}.Debug|Any CPU.Build.0 = Debug|Any CPU
		{541C7A5F-5C6C-43AB-9B99-5605C6027A3E}.Debug|x64.ActiveCfg = Debug|Any CPU
		{541C7A5F-5C6C-43AB-9B99-5605C6027A3E}.Debug|x64.Build.0 = Debug|Any CPU
		{541C7A5F-5C6C-43AB-9B99-5605C6027A3E}.Debug|x86.ActiveCfg = Debug|Any CPU
		{541C7A5F-5C6C-43AB-9B99-5605C6027A3E}.Debug|x86.Build.0 = Debug|Any CPU
		{541C7A5F-5C6C-43AB-9B99-5605C6027A3E}.Release|Any CPU.ActiveCfg = Release|Any CPU
		{541C7A5F-5C6C-43AB-9B99-5605C6027A3E}.Release|Any CPU.Build.0 = Release|Any CPU
		{541C7A5F-5C6C-43AB-9B99-5605C6027A3E}.Release|x64.ActiveCfg = Release|Any CPU
		{541C7A5F-5C6C-43AB-9B99-5605C6027A3E}.Release|x64.Build.0 = Release|Any CPU
		{541C7A5F-5C6C-43AB-9B99-5605C6027A3E}.Release|x86.ActiveCfg = Release|Any CPU
		{541C7A5F-5C6C-43AB-9B99-5605C6027A3E}.Release|x86.Build.0 = Release|Any CPU
		{DF5AC2B8-66E8-4662-B52C-F63A9211D7C9}.Debug|Any CPU.ActiveCfg = Debug|Any CPU
		{DF5AC2B8-66E8-4662-B52C-F63A9211D7C9}.Debug|Any CPU.Build.0 = Debug|Any CPU
		{DF5AC2B8-66E8-4662-B52C-F63A9211D7C9}.Debug|x64.ActiveCfg = Debug|Any CPU
		{DF5AC2B8-66E8-4662-B52C-F63A9211D7C9}.Debug|x64.Build.0 = Debug|Any CPU
		{DF5AC2B8-66E8-4662-B52C-F63A9211D7C9}.Debug|x86.ActiveCfg = Debug|Any CPU
		{DF5AC2B8-66E8-4662-B52C-F63A9211D7C9}.Debug|x86.Build.0 = Debug|Any CPU
		{DF5AC2B8-66E8-4662-B52C-F63A9211D7C9}.Release|Any CPU.ActiveCfg = Release|Any CPU
		{DF5AC2B8-66E8-4662-B52C-F63A9211D7C9}.Release|Any CPU.Build.0 = Release|Any CPU
		{DF5AC2B8-66E8-4662-B52C-F63A9211D7C9}.Release|x64.ActiveCfg = Release|Any CPU
		{DF5AC2B8-66E8-4662-B52C-F63A9211D7C9}.Release|x64.Build.0 = Release|Any CPU
		{DF5AC2B8-66E8-4662-B52C-F63A9211D7C9}.Release|x86.ActiveCfg = Release|Any CPU
		{DF5AC2B8-66E8-4662-B52C-F63A9211D7C9}.Release|x86.Build.0 = Release|Any CPU
		{E53F41B9-C136-4C94-8522-1CC1221E2557}.Debug|Any CPU.ActiveCfg = Debug|Any CPU
		{E53F41B9-C136-4C94-8522-1CC1221E2557}.Debug|Any CPU.Build.0 = Debug|Any CPU
		{E53F41B9-C136-4C94-8522-1CC1221E2557}.Debug|x64.ActiveCfg = Debug|Any CPU
		{E53F41B9-C136-4C94-8522-1CC1221E2557}.Debug|x64.Build.0 = Debug|Any CPU
		{E53F41B9-C136-4C94-8522-1CC1221E2557}.Debug|x86.ActiveCfg = Debug|Any CPU
		{E53F41B9-C136-4C94-8522-1CC1221E2557}.Debug|x86.Build.0 = Debug|Any CPU
		{E53F41B9-C136-4C94-8522-1CC1221E2557}.Release|Any CPU.ActiveCfg = Release|Any CPU
		{E53F41B9-C136-4C94-8522-1CC1221E2557}.Release|Any CPU.Build.0 = Release|Any CPU
		{E53F41B9-C136-4C94-8522-1CC1221E2557}.Release|x64.ActiveCfg = Release|Any CPU
		{E53F41B9-C136-4C94-8522-1CC1221E2557}.Release|x64.Build.0 = Release|Any CPU
		{E53F41B9-C136-4C94-8522-1CC1221E2557}.Release|x86.ActiveCfg = Release|Any CPU
		{E53F41B9-C136-4C94-8522-1CC1221E2557}.Release|x86.Build.0 = Release|Any CPU
		{6E861183-D0CE-4567-A686-63768BF62FB2}.Debug|Any CPU.ActiveCfg = Debug|Any CPU
		{6E861183-D0CE-4567-A686-63768BF62FB2}.Debug|Any CPU.Build.0 = Debug|Any CPU
		{6E861183-D0CE-4567-A686-63768BF62FB2}.Debug|x64.ActiveCfg = Debug|Any CPU
		{6E861183-D0CE-4567-A686-63768BF62FB2}.Debug|x64.Build.0 = Debug|Any CPU
		{6E861183-D0CE-4567-A686-63768BF62FB2}.Debug|x86.ActiveCfg = Debug|Any CPU
		{6E861183-D0CE-4567-A686-63768BF62FB2}.Debug|x86.Build.0 = Debug|Any CPU
		{6E861183-D0CE-4567-A686-63768BF62FB2}.Release|Any CPU.ActiveCfg = Release|Any CPU
		{6E861183-D0CE-4567-A686-63768BF62FB2}.Release|Any CPU.Build.0 = Release|Any CPU
		{6E861183-D0CE-4567-A686-63768BF62FB2}.Release|x64.ActiveCfg = Release|Any CPU
		{6E861183-D0CE-4567-A686-63768BF62FB2}.Release|x64.Build.0 = Release|Any CPU
		{6E861183-D0CE-4567-A686-63768BF62FB2}.Release|x86.ActiveCfg = Release|Any CPU
		{6E861183-D0CE-4567-A686-63768BF62FB2}.Release|x86.Build.0 = Release|Any CPU
		{50A35FA2-3EA6-4377-A27F-13D6010C20B1}.Debug|Any CPU.ActiveCfg = Debug|Any CPU
		{50A35FA2-3EA6-4377-A27F-13D6010C20B1}.Debug|Any CPU.Build.0 = Debug|Any CPU
		{50A35FA2-3EA6-4377-A27F-13D6010C20B1}.Debug|x64.ActiveCfg = Debug|Any CPU
		{50A35FA2-3EA6-4377-A27F-13D6010C20B1}.Debug|x64.Build.0 = Debug|Any CPU
		{50A35FA2-3EA6-4377-A27F-13D6010C20B1}.Debug|x86.ActiveCfg = Debug|Any CPU
		{50A35FA2-3EA6-4377-A27F-13D6010C20B1}.Debug|x86.Build.0 = Debug|Any CPU
		{50A35FA2-3EA6-4377-A27F-13D6010C20B1}.Release|Any CPU.ActiveCfg = Release|Any CPU
		{50A35FA2-3EA6-4377-A27F-13D6010C20B1}.Release|Any CPU.Build.0 = Release|Any CPU
		{50A35FA2-3EA6-4377-A27F-13D6010C20B1}.Release|x64.ActiveCfg = Release|Any CPU
		{50A35FA2-3EA6-4377-A27F-13D6010C20B1}.Release|x64.Build.0 = Release|Any CPU
		{50A35FA2-3EA6-4377-A27F-13D6010C20B1}.Release|x86.ActiveCfg = Release|Any CPU
		{50A35FA2-3EA6-4377-A27F-13D6010C20B1}.Release|x86.Build.0 = Release|Any CPU
		{9B690CEB-E46E-4618-A6BE-9D5C13BDD441}.Debug|Any CPU.ActiveCfg = Debug|Any CPU
		{9B690CEB-E46E-4618-A6BE-9D5C13BDD441}.Debug|Any CPU.Build.0 = Debug|Any CPU
		{9B690CEB-E46E-4618-A6BE-9D5C13BDD441}.Debug|x64.ActiveCfg = Debug|Any CPU
		{9B690CEB-E46E-4618-A6BE-9D5C13BDD441}.Debug|x64.Build.0 = Debug|Any CPU
		{9B690CEB-E46E-4618-A6BE-9D5C13BDD441}.Debug|x86.ActiveCfg = Debug|Any CPU
		{9B690CEB-E46E-4618-A6BE-9D5C13BDD441}.Debug|x86.Build.0 = Debug|Any CPU
		{9B690CEB-E46E-4618-A6BE-9D5C13BDD441}.Release|Any CPU.ActiveCfg = Release|Any CPU
		{9B690CEB-E46E-4618-A6BE-9D5C13BDD441}.Release|Any CPU.Build.0 = Release|Any CPU
		{9B690CEB-E46E-4618-A6BE-9D5C13BDD441}.Release|x64.ActiveCfg = Release|Any CPU
		{9B690CEB-E46E-4618-A6BE-9D5C13BDD441}.Release|x64.Build.0 = Release|Any CPU
		{9B690CEB-E46E-4618-A6BE-9D5C13BDD441}.Release|x86.ActiveCfg = Release|Any CPU
		{9B690CEB-E46E-4618-A6BE-9D5C13BDD441}.Release|x86.Build.0 = Release|Any CPU
		{52B2CBF9-E4FD-4BBF-A01D-6A3EB3FABA2C}.Debug|Any CPU.ActiveCfg = Debug|Any CPU
		{52B2CBF9-E4FD-4BBF-A01D-6A3EB3FABA2C}.Debug|Any CPU.Build.0 = Debug|Any CPU
		{52B2CBF9-E4FD-4BBF-A01D-6A3EB3FABA2C}.Debug|x64.ActiveCfg = Debug|Any CPU
		{52B2CBF9-E4FD-4BBF-A01D-6A3EB3FABA2C}.Debug|x64.Build.0 = Debug|Any CPU
		{52B2CBF9-E4FD-4BBF-A01D-6A3EB3FABA2C}.Debug|x86.ActiveCfg = Debug|Any CPU
		{52B2CBF9-E4FD-4BBF-A01D-6A3EB3FABA2C}.Debug|x86.Build.0 = Debug|Any CPU
		{52B2CBF9-E4FD-4BBF-A01D-6A3EB3FABA2C}.Release|Any CPU.ActiveCfg = Release|Any CPU
		{52B2CBF9-E4FD-4BBF-A01D-6A3EB3FABA2C}.Release|Any CPU.Build.0 = Release|Any CPU
		{52B2CBF9-E4FD-4BBF-A01D-6A3EB3FABA2C}.Release|x64.ActiveCfg = Release|Any CPU
		{52B2CBF9-E4FD-4BBF-A01D-6A3EB3FABA2C}.Release|x64.Build.0 = Release|Any CPU
		{52B2CBF9-E4FD-4BBF-A01D-6A3EB3FABA2C}.Release|x86.ActiveCfg = Release|Any CPU
		{52B2CBF9-E4FD-4BBF-A01D-6A3EB3FABA2C}.Release|x86.Build.0 = Release|Any CPU
		{9AB6FEE1-2F7D-4C67-AAFD-131F11683579}.Debug|Any CPU.ActiveCfg = Debug|Any CPU
		{9AB6FEE1-2F7D-4C67-AAFD-131F11683579}.Debug|Any CPU.Build.0 = Debug|Any CPU
		{9AB6FEE1-2F7D-4C67-AAFD-131F11683579}.Debug|x64.ActiveCfg = Debug|Any CPU
		{9AB6FEE1-2F7D-4C67-AAFD-131F11683579}.Debug|x64.Build.0 = Debug|Any CPU
		{9AB6FEE1-2F7D-4C67-AAFD-131F11683579}.Debug|x86.ActiveCfg = Debug|Any CPU
		{9AB6FEE1-2F7D-4C67-AAFD-131F11683579}.Debug|x86.Build.0 = Debug|Any CPU
		{9AB6FEE1-2F7D-4C67-AAFD-131F11683579}.Release|Any CPU.ActiveCfg = Release|Any CPU
		{9AB6FEE1-2F7D-4C67-AAFD-131F11683579}.Release|Any CPU.Build.0 = Release|Any CPU
		{9AB6FEE1-2F7D-4C67-AAFD-131F11683579}.Release|x64.ActiveCfg = Release|Any CPU
		{9AB6FEE1-2F7D-4C67-AAFD-131F11683579}.Release|x64.Build.0 = Release|Any CPU
		{9AB6FEE1-2F7D-4C67-AAFD-131F11683579}.Release|x86.ActiveCfg = Release|Any CPU
		{9AB6FEE1-2F7D-4C67-AAFD-131F11683579}.Release|x86.Build.0 = Release|Any CPU
		{9553340C-22C3-403C-8E68-FE31D14D18FE}.Debug|Any CPU.ActiveCfg = Debug|Any CPU
		{9553340C-22C3-403C-8E68-FE31D14D18FE}.Debug|Any CPU.Build.0 = Debug|Any CPU
		{9553340C-22C3-403C-8E68-FE31D14D18FE}.Debug|x64.ActiveCfg = Debug|Any CPU
		{9553340C-22C3-403C-8E68-FE31D14D18FE}.Debug|x64.Build.0 = Debug|Any CPU
		{9553340C-22C3-403C-8E68-FE31D14D18FE}.Debug|x86.ActiveCfg = Debug|Any CPU
		{9553340C-22C3-403C-8E68-FE31D14D18FE}.Debug|x86.Build.0 = Debug|Any CPU
		{9553340C-22C3-403C-8E68-FE31D14D18FE}.Release|Any CPU.ActiveCfg = Release|Any CPU
		{9553340C-22C3-403C-8E68-FE31D14D18FE}.Release|Any CPU.Build.0 = Release|Any CPU
		{9553340C-22C3-403C-8E68-FE31D14D18FE}.Release|x64.ActiveCfg = Release|Any CPU
		{9553340C-22C3-403C-8E68-FE31D14D18FE}.Release|x64.Build.0 = Release|Any CPU
		{9553340C-22C3-403C-8E68-FE31D14D18FE}.Release|x86.ActiveCfg = Release|Any CPU
		{9553340C-22C3-403C-8E68-FE31D14D18FE}.Release|x86.Build.0 = Release|Any CPU
		{02E0B0A1-2F9C-4BD3-BA08-5BA933B43BBA}.Debug|Any CPU.ActiveCfg = Debug|Any CPU
		{02E0B0A1-2F9C-4BD3-BA08-5BA933B43BBA}.Debug|Any CPU.Build.0 = Debug|Any CPU
		{02E0B0A1-2F9C-4BD3-BA08-5BA933B43BBA}.Debug|x64.ActiveCfg = Debug|Any CPU
		{02E0B0A1-2F9C-4BD3-BA08-5BA933B43BBA}.Debug|x64.Build.0 = Debug|Any CPU
		{02E0B0A1-2F9C-4BD3-BA08-5BA933B43BBA}.Debug|x86.ActiveCfg = Debug|Any CPU
		{02E0B0A1-2F9C-4BD3-BA08-5BA933B43BBA}.Debug|x86.Build.0 = Debug|Any CPU
		{02E0B0A1-2F9C-4BD3-BA08-5BA933B43BBA}.Release|Any CPU.ActiveCfg = Release|Any CPU
		{02E0B0A1-2F9C-4BD3-BA08-5BA933B43BBA}.Release|Any CPU.Build.0 = Release|Any CPU
		{02E0B0A1-2F9C-4BD3-BA08-5BA933B43BBA}.Release|x64.ActiveCfg = Release|Any CPU
		{02E0B0A1-2F9C-4BD3-BA08-5BA933B43BBA}.Release|x64.Build.0 = Release|Any CPU
		{02E0B0A1-2F9C-4BD3-BA08-5BA933B43BBA}.Release|x86.ActiveCfg = Release|Any CPU
		{02E0B0A1-2F9C-4BD3-BA08-5BA933B43BBA}.Release|x86.Build.0 = Release|Any CPU
		{DF42F21E-50F3-4136-A021-2CE7456196E1}.Debug|Any CPU.ActiveCfg = Debug|Any CPU
		{DF42F21E-50F3-4136-A021-2CE7456196E1}.Debug|Any CPU.Build.0 = Debug|Any CPU
		{DF42F21E-50F3-4136-A021-2CE7456196E1}.Debug|x64.ActiveCfg = Debug|Any CPU
		{DF42F21E-50F3-4136-A021-2CE7456196E1}.Debug|x64.Build.0 = Debug|Any CPU
		{DF42F21E-50F3-4136-A021-2CE7456196E1}.Debug|x86.ActiveCfg = Debug|Any CPU
		{DF42F21E-50F3-4136-A021-2CE7456196E1}.Debug|x86.Build.0 = Debug|Any CPU
		{DF42F21E-50F3-4136-A021-2CE7456196E1}.Release|Any CPU.ActiveCfg = Release|Any CPU
		{DF42F21E-50F3-4136-A021-2CE7456196E1}.Release|Any CPU.Build.0 = Release|Any CPU
		{DF42F21E-50F3-4136-A021-2CE7456196E1}.Release|x64.ActiveCfg = Release|Any CPU
		{DF42F21E-50F3-4136-A021-2CE7456196E1}.Release|x64.Build.0 = Release|Any CPU
		{DF42F21E-50F3-4136-A021-2CE7456196E1}.Release|x86.ActiveCfg = Release|Any CPU
		{DF42F21E-50F3-4136-A021-2CE7456196E1}.Release|x86.Build.0 = Release|Any CPU
		{30B498E2-7950-482C-8FFD-025A0FDEB0F2}.Debug|Any CPU.ActiveCfg = Debug|Any CPU
		{30B498E2-7950-482C-8FFD-025A0FDEB0F2}.Debug|Any CPU.Build.0 = Debug|Any CPU
		{30B498E2-7950-482C-8FFD-025A0FDEB0F2}.Debug|x64.ActiveCfg = Debug|Any CPU
		{30B498E2-7950-482C-8FFD-025A0FDEB0F2}.Debug|x64.Build.0 = Debug|Any CPU
		{30B498E2-7950-482C-8FFD-025A0FDEB0F2}.Debug|x86.ActiveCfg = Debug|Any CPU
		{30B498E2-7950-482C-8FFD-025A0FDEB0F2}.Debug|x86.Build.0 = Debug|Any CPU
		{30B498E2-7950-482C-8FFD-025A0FDEB0F2}.Release|Any CPU.ActiveCfg = Release|Any CPU
		{30B498E2-7950-482C-8FFD-025A0FDEB0F2}.Release|Any CPU.Build.0 = Release|Any CPU
		{30B498E2-7950-482C-8FFD-025A0FDEB0F2}.Release|x64.ActiveCfg = Release|Any CPU
		{30B498E2-7950-482C-8FFD-025A0FDEB0F2}.Release|x64.Build.0 = Release|Any CPU
		{30B498E2-7950-482C-8FFD-025A0FDEB0F2}.Release|x86.ActiveCfg = Release|Any CPU
		{30B498E2-7950-482C-8FFD-025A0FDEB0F2}.Release|x86.Build.0 = Release|Any CPU
	EndGlobalSection
	GlobalSection(SolutionProperties) = preSolution
		HideSolutionNode = FALSE
	EndGlobalSection
	GlobalSection(NestedProjects) = preSolution
		{8C65357B-F17F-4840-9879-53E2E94D4434} = {827E0CD3-B72D-47B6-A68D-7590B98EB39B}
		{A93E15FE-988A-4BDC-9CF2-7156D34C5A17} = {827E0CD3-B72D-47B6-A68D-7590B98EB39B}
		{77906880-8466-4732-94F8-AAB1587E4AB9} = {827E0CD3-B72D-47B6-A68D-7590B98EB39B}
		{078B28D5-223A-40F4-B247-BD388072EF4C} = {827E0CD3-B72D-47B6-A68D-7590B98EB39B}
		{C314B907-6FB2-4B38-810B-1F8BABC4D7D5} = {827E0CD3-B72D-47B6-A68D-7590B98EB39B}
		{56BE7CA3-DBEB-42CC-8DCF-D883ED67C567} = {827E0CD3-B72D-47B6-A68D-7590B98EB39B}
		{F98D4C9B-B44B-4BCB-97C8-0086E3F1BC38} = {827E0CD3-B72D-47B6-A68D-7590B98EB39B}
		{0E4C69BE-1431-4F29-8AA0-D638D4094C88} = {827E0CD3-B72D-47B6-A68D-7590B98EB39B}
		{541C7A5F-5C6C-43AB-9B99-5605C6027A3E} = {827E0CD3-B72D-47B6-A68D-7590B98EB39B}
		{DF5AC2B8-66E8-4662-B52C-F63A9211D7C9} = {827E0CD3-B72D-47B6-A68D-7590B98EB39B}
		{E53F41B9-C136-4C94-8522-1CC1221E2557} = {827E0CD3-B72D-47B6-A68D-7590B98EB39B}
		{6E861183-D0CE-4567-A686-63768BF62FB2} = {0AB3BF05-4346-4AA6-1389-037BE0695223}
		{50A35FA2-3EA6-4377-A27F-13D6010C20B1} = {0AB3BF05-4346-4AA6-1389-037BE0695223}
		{9B690CEB-E46E-4618-A6BE-9D5C13BDD441} = {0AB3BF05-4346-4AA6-1389-037BE0695223}
		{52B2CBF9-E4FD-4BBF-A01D-6A3EB3FABA2C} = {0AB3BF05-4346-4AA6-1389-037BE0695223}
		{9AB6FEE1-2F7D-4C67-AAFD-131F11683579} = {0AB3BF05-4346-4AA6-1389-037BE0695223}
		{9553340C-22C3-403C-8E68-FE31D14D18FE} = {0AB3BF05-4346-4AA6-1389-037BE0695223}
		{02E0B0A1-2F9C-4BD3-BA08-5BA933B43BBA} = {0AB3BF05-4346-4AA6-1389-037BE0695223}
		{DF42F21E-50F3-4136-A021-2CE7456196E1} = {0AB3BF05-4346-4AA6-1389-037BE0695223}
		{30B498E2-7950-482C-8FFD-025A0FDEB0F2} = {0AB3BF05-4346-4AA6-1389-037BE0695223}
	EndGlobalSection
EndGlobal
